
Microsoft Visual Studio Solution File, Format Version 12.00
# Visual Studio Version 17
VisualStudioVersion = 17.6.33829.357
MinimumVisualStudioVersion = 10.0.40219.1
Project("{FAE04EC0-301F-11D3-BF4B-00C04F79EFBC}") = "Hospital registration", "Hospital registration\Hospital registration.csproj", "{2586F795-6368-478D-9BB7-7F6DEB6706D3}"
EndProject
Global
	GlobalSection(SolutionConfigurationPlatforms) = preSolution
		Debug|Any CPU = Debug|Any CPU
		Release|Any CPU = Release|Any CPU
	EndGlobalSection
	GlobalSection(ProjectConfigurationPlatforms) = postSolution
		{2586F795-6368-478D-9BB7-7F6DEB6706D3}.Debug|Any CPU.ActiveCfg = Debug|Any CPU
		{2586F795-6368-478D-9BB7-7F6DEB6706D3}.Debug|Any CPU.Build.0 = Debug|Any CPU
		{2586F795-6368-478D-9BB7-7F6DEB6706D3}.Release|Any CPU.ActiveCfg = Release|Any CPU
		{2586F795-6368-478D-9BB7-7F6DEB6706D3}.Release|Any CPU.Build.0 = Release|Any CPU
	EndGlobalSection
	GlobalSection(SolutionProperties) = preSolution
		HideSolutionNode = FALSE
	EndGlobalSection
	GlobalSection(ExtensibilityGlobals) = postSolution
		SolutionGuid = {9232A1CC-B621-4372-8C59-68DC6B3827F7}
	EndGlobalSection
EndGlobal
